
Microsoft Visual Studio Solution File, Format Version 12.00
# Visual Studio Version 16
VisualStudioVersion = 16.0.810.14
MinimumVisualStudioVersion = 10.0.40219.1
Project("{FAE04EC0-301F-11D3-BF4B-00C04F79EFBC}") = "A084_ExecutionTime", "A084_ExecutionTime\A084_ExecutionTime.csproj", "{8D4F7471-C023-4233-A5D9-EBC5538312FB}"
EndProject
Global
	GlobalSection(SolutionConfigurationPlatforms) = preSolution
		Debug|Any CPU = Debug|Any CPU
		Release|Any CPU = Release|Any CPU
	EndGlobalSection
	GlobalSection(ProjectConfigurationPlatforms) = postSolution
		{8D4F7471-C023-4233-A5D9-EBC5538312FB}.Debug|Any CPU.ActiveCfg = Debug|Any CPU
		{8D4F7471-C023-4233-A5D9-EBC5538312FB}.Debug|Any CPU.Build.0 = Debug|Any CPU
		{8D4F7471-C023-4233-A5D9-EBC5538312FB}.Release|Any CPU.ActiveCfg = Release|Any CPU
		{8D4F7471-C023-4233-A5D9-EBC5538312FB}.Release|Any CPU.Build.0 = Release|Any CPU
	EndGlobalSection
	GlobalSection(SolutionProperties) = preSolution
		HideSolutionNode = FALSE
	EndGlobalSection
	GlobalSection(ExtensibilityGlobals) = postSolution
		SolutionGuid = {40DA96D0-6655-4343-B3CD-5834B7AF0873}
	EndGlobalSection
EndGlobal
