
Microsoft Visual Studio Solution File, Format Version 12.00
# Visual Studio Version 16
VisualStudioVersion = 16.0.810.14
MinimumVisualStudioVersion = 10.0.40219.1
Project("{FAE04EC0-301F-11D3-BF4B-00C04F79EFBC}") = "A122_LinqToList", "A122_LinqToList\A122_LinqToList.csproj", "{CBD66449-7B82-4887-B7FA-A5DFB4B860B8}"
EndProject
Global
	GlobalSection(SolutionConfigurationPlatforms) = preSolution
		Debug|Any CPU = Debug|Any CPU
		Release|Any CPU = Release|Any CPU
	EndGlobalSection
	GlobalSection(ProjectConfigurationPlatforms) = postSolution
		{CBD66449-7B82-4887-B7FA-A5DFB4B860B8}.Debug|Any CPU.ActiveCfg = Debug|Any CPU
		{CBD66449-7B82-4887-B7FA-A5DFB4B860B8}.Debug|Any CPU.Build.0 = Debug|Any CPU
		{CBD66449-7B82-4887-B7FA-A5DFB4B860B8}.Release|Any CPU.ActiveCfg = Release|Any CPU
		{CBD66449-7B82-4887-B7FA-A5DFB4B860B8}.Release|Any CPU.Build.0 = Release|Any CPU
	EndGlobalSection
	GlobalSection(SolutionProperties) = preSolution
		HideSolutionNode = FALSE
	EndGlobalSection
	GlobalSection(ExtensibilityGlobals) = postSolution
		SolutionGuid = {C48F22F1-B299-4A27-B524-99F27E6C9451}
	EndGlobalSection
EndGlobal
