
Microsoft Visual Studio Solution File, Format Version 12.00
# Visual Studio Version 16
VisualStudioVersion = 16.0.810.14
MinimumVisualStudioVersion = 10.0.40219.1
Project("{FAE04EC0-301F-11D3-BF4B-00C04F79EFBC}") = "A124_LinqGroupBy", "A124_LinqGroupBy\A124_LinqGroupBy.csproj", "{164C4324-49C6-4016-A373-4A02DA7FFBED}"
EndProject
Global
	GlobalSection(SolutionConfigurationPlatforms) = preSolution
		Debug|Any CPU = Debug|Any CPU
		Release|Any CPU = Release|Any CPU
	EndGlobalSection
	GlobalSection(ProjectConfigurationPlatforms) = postSolution
		{164C4324-49C6-4016-A373-4A02DA7FFBED}.Debug|Any CPU.ActiveCfg = Debug|Any CPU
		{164C4324-49C6-4016-A373-4A02DA7FFBED}.Debug|Any CPU.Build.0 = Debug|Any CPU
		{164C4324-49C6-4016-A373-4A02DA7FFBED}.Release|Any CPU.ActiveCfg = Release|Any CPU
		{164C4324-49C6-4016-A373-4A02DA7FFBED}.Release|Any CPU.Build.0 = Release|Any CPU
	EndGlobalSection
	GlobalSection(SolutionProperties) = preSolution
		HideSolutionNode = FALSE
	EndGlobalSection
	GlobalSection(ExtensibilityGlobals) = postSolution
		SolutionGuid = {0BCF65F4-B578-4E59-B197-7D1634375A29}
	EndGlobalSection
EndGlobal
