
Microsoft Visual Studio Solution File, Format Version 12.00
# Visual Studio Version 16
VisualStudioVersion = 16.0.810.14
MinimumVisualStudioVersion = 10.0.40219.1
Project("{FAE04EC0-301F-11D3-BF4B-00C04F79EFBC}") = "A071_IsPrime", "A071_IsPrime\A071_IsPrime.csproj", "{220A16F7-8850-4C0F-8D90-21BDAF303FA2}"
EndProject
Global
	GlobalSection(SolutionConfigurationPlatforms) = preSolution
		Debug|Any CPU = Debug|Any CPU
		Release|Any CPU = Release|Any CPU
	EndGlobalSection
	GlobalSection(ProjectConfigurationPlatforms) = postSolution
		{220A16F7-8850-4C0F-8D90-21BDAF303FA2}.Debug|Any CPU.ActiveCfg = Debug|Any CPU
		{220A16F7-8850-4C0F-8D90-21BDAF303FA2}.Debug|Any CPU.Build.0 = Debug|Any CPU
		{220A16F7-8850-4C0F-8D90-21BDAF303FA2}.Release|Any CPU.ActiveCfg = Release|Any CPU
		{220A16F7-8850-4C0F-8D90-21BDAF303FA2}.Release|Any CPU.Build.0 = Release|Any CPU
	EndGlobalSection
	GlobalSection(SolutionProperties) = preSolution
		HideSolutionNode = FALSE
	EndGlobalSection
	GlobalSection(ExtensibilityGlobals) = postSolution
		SolutionGuid = {08A2C305-925E-46BA-BC57-2675440729F4}
	EndGlobalSection
EndGlobal
