
Microsoft Visual Studio Solution File, Format Version 12.00
# Visual Studio Version 16
VisualStudioVersion = 16.0.810.13
MinimumVisualStudioVersion = 10.0.40219.1
Project("{FAE04EC0-301F-11D3-BF4B-00C04F79EFBC}") = "A013_TypeConversion", "A013_TypeConversion\A013_TypeConversion.csproj", "{4A19F7FC-8C01-480C-BE26-23F139CF6466}"
EndProject
Global
	GlobalSection(SolutionConfigurationPlatforms) = preSolution
		Debug|Any CPU = Debug|Any CPU
		Release|Any CPU = Release|Any CPU
	EndGlobalSection
	GlobalSection(ProjectConfigurationPlatforms) = postSolution
		{4A19F7FC-8C01-480C-BE26-23F139CF6466}.Debug|Any CPU.ActiveCfg = Debug|Any CPU
		{4A19F7FC-8C01-480C-BE26-23F139CF6466}.Debug|Any CPU.Build.0 = Debug|Any CPU
		{4A19F7FC-8C01-480C-BE26-23F139CF6466}.Release|Any CPU.ActiveCfg = Release|Any CPU
		{4A19F7FC-8C01-480C-BE26-23F139CF6466}.Release|Any CPU.Build.0 = Release|Any CPU
	EndGlobalSection
	GlobalSection(SolutionProperties) = preSolution
		HideSolutionNode = FALSE
	EndGlobalSection
	GlobalSection(ExtensibilityGlobals) = postSolution
		SolutionGuid = {D6C1FBFD-2124-437F-A4AD-29BE27A5A5FD}
	EndGlobalSection
EndGlobal
