
Microsoft Visual Studio Solution File, Format Version 12.00
# Visual Studio Version 16
VisualStudioVersion = 16.0.810.13
MinimumVisualStudioVersion = 10.0.40219.1
Project("{FAE04EC0-301F-11D3-BF4B-00C04F79EFBC}") = "A012_FloatDoubleDecimal", "A012_FloatDoubleDecimal\A012_FloatDoubleDecimal.csproj", "{5FF47D13-4BDE-4349-9D56-1A77B4771025}"
EndProject
Global
	GlobalSection(SolutionConfigurationPlatforms) = preSolution
		Debug|Any CPU = Debug|Any CPU
		Release|Any CPU = Release|Any CPU
	EndGlobalSection
	GlobalSection(ProjectConfigurationPlatforms) = postSolution
		{5FF47D13-4BDE-4349-9D56-1A77B4771025}.Debug|Any CPU.ActiveCfg = Debug|Any CPU
		{5FF47D13-4BDE-4349-9D56-1A77B4771025}.Debug|Any CPU.Build.0 = Debug|Any CPU
		{5FF47D13-4BDE-4349-9D56-1A77B4771025}.Release|Any CPU.ActiveCfg = Release|Any CPU
		{5FF47D13-4BDE-4349-9D56-1A77B4771025}.Release|Any CPU.Build.0 = Release|Any CPU
	EndGlobalSection
	GlobalSection(SolutionProperties) = preSolution
		HideSolutionNode = FALSE
	EndGlobalSection
	GlobalSection(ExtensibilityGlobals) = postSolution
		SolutionGuid = {624E6F13-173B-43A0-8789-931D5463D204}
	EndGlobalSection
EndGlobal
