
Microsoft Visual Studio Solution File, Format Version 12.00
# Visual Studio Version 16
VisualStudioVersion = 16.0.810.14
MinimumVisualStudioVersion = 10.0.40219.1
Project("{FAE04EC0-301F-11D3-BF4B-00C04F79EFBC}") = "A093_GenericMethod", "A093_GenericMethod\A093_GenericMethod.csproj", "{0CAE30D9-5D14-405E-9897-4B81CDB2C6C9}"
EndProject
Global
	GlobalSection(SolutionConfigurationPlatforms) = preSolution
		Debug|Any CPU = Debug|Any CPU
		Release|Any CPU = Release|Any CPU
	EndGlobalSection
	GlobalSection(ProjectConfigurationPlatforms) = postSolution
		{0CAE30D9-5D14-405E-9897-4B81CDB2C6C9}.Debug|Any CPU.ActiveCfg = Debug|Any CPU
		{0CAE30D9-5D14-405E-9897-4B81CDB2C6C9}.Debug|Any CPU.Build.0 = Debug|Any CPU
		{0CAE30D9-5D14-405E-9897-4B81CDB2C6C9}.Release|Any CPU.ActiveCfg = Release|Any CPU
		{0CAE30D9-5D14-405E-9897-4B81CDB2C6C9}.Release|Any CPU.Build.0 = Release|Any CPU
	EndGlobalSection
	GlobalSection(SolutionProperties) = preSolution
		HideSolutionNode = FALSE
	EndGlobalSection
	GlobalSection(ExtensibilityGlobals) = postSolution
		SolutionGuid = {2DB269AD-64F9-4A10-9CF6-A6E38864FFA1}
	EndGlobalSection
EndGlobal
