
Microsoft Visual Studio Solution File, Format Version 12.00
# Visual Studio Version 16
VisualStudioVersion = 16.0.810.13
MinimumVisualStudioVersion = 10.0.40219.1
Project("{FAE04EC0-301F-11D3-BF4B-00C04F79EFBC}") = "A022_BitwiseOperators", "A022_BitwiseOperators\A022_BitwiseOperators.csproj", "{475AE0F7-2998-465F-B37D-2DA86DB15216}"
EndProject
Global
	GlobalSection(SolutionConfigurationPlatforms) = preSolution
		Debug|Any CPU = Debug|Any CPU
		Release|Any CPU = Release|Any CPU
	EndGlobalSection
	GlobalSection(ProjectConfigurationPlatforms) = postSolution
		{475AE0F7-2998-465F-B37D-2DA86DB15216}.Debug|Any CPU.ActiveCfg = Debug|Any CPU
		{475AE0F7-2998-465F-B37D-2DA86DB15216}.Debug|Any CPU.Build.0 = Debug|Any CPU
		{475AE0F7-2998-465F-B37D-2DA86DB15216}.Release|Any CPU.ActiveCfg = Release|Any CPU
		{475AE0F7-2998-465F-B37D-2DA86DB15216}.Release|Any CPU.Build.0 = Release|Any CPU
	EndGlobalSection
	GlobalSection(SolutionProperties) = preSolution
		HideSolutionNode = FALSE
	EndGlobalSection
	GlobalSection(ExtensibilityGlobals) = postSolution
		SolutionGuid = {6DFD8CEE-11D1-4DE2-BB65-1D09DFFBC395}
	EndGlobalSection
EndGlobal
