
Microsoft Visual Studio Solution File, Format Version 12.00
# Visual Studio Version 16
VisualStudioVersion = 16.0.810.14
MinimumVisualStudioVersion = 10.0.40219.1
Project("{FAE04EC0-301F-11D3-BF4B-00C04F79EFBC}") = "A079_RecursivePower", "A079_RecursivePower\A079_RecursivePower.csproj", "{19EE5B7A-0598-4F4E-829C-D3A558F184EC}"
EndProject
Global
	GlobalSection(SolutionConfigurationPlatforms) = preSolution
		Debug|Any CPU = Debug|Any CPU
		Release|Any CPU = Release|Any CPU
	EndGlobalSection
	GlobalSection(ProjectConfigurationPlatforms) = postSolution
		{19EE5B7A-0598-4F4E-829C-D3A558F184EC}.Debug|Any CPU.ActiveCfg = Debug|Any CPU
		{19EE5B7A-0598-4F4E-829C-D3A558F184EC}.Debug|Any CPU.Build.0 = Debug|Any CPU
		{19EE5B7A-0598-4F4E-829C-D3A558F184EC}.Release|Any CPU.ActiveCfg = Release|Any CPU
		{19EE5B7A-0598-4F4E-829C-D3A558F184EC}.Release|Any CPU.Build.0 = Release|Any CPU
	EndGlobalSection
	GlobalSection(SolutionProperties) = preSolution
		HideSolutionNode = FALSE
	EndGlobalSection
	GlobalSection(ExtensibilityGlobals) = postSolution
		SolutionGuid = {B418FED6-4D77-4DA7-B66B-2A4B5A92E456}
	EndGlobalSection
EndGlobal
