
Microsoft Visual Studio Solution File, Format Version 12.00
# Visual Studio Version 16
VisualStudioVersion = 16.0.810.14
MinimumVisualStudioVersion = 10.0.40219.1
Project("{FAE04EC0-301F-11D3-BF4B-00C04F79EFBC}") = "A035_PassingArrayAndObject", "A035_PassingArrayAndObject\A035_PassingArrayAndObject.csproj", "{A38839EC-44D2-4F02-8A65-FD5C7B21CDD9}"
EndProject
Global
	GlobalSection(SolutionConfigurationPlatforms) = preSolution
		Debug|Any CPU = Debug|Any CPU
		Release|Any CPU = Release|Any CPU
	EndGlobalSection
	GlobalSection(ProjectConfigurationPlatforms) = postSolution
		{A38839EC-44D2-4F02-8A65-FD5C7B21CDD9}.Debug|Any CPU.ActiveCfg = Debug|Any CPU
		{A38839EC-44D2-4F02-8A65-FD5C7B21CDD9}.Debug|Any CPU.Build.0 = Debug|Any CPU
		{A38839EC-44D2-4F02-8A65-FD5C7B21CDD9}.Release|Any CPU.ActiveCfg = Release|Any CPU
		{A38839EC-44D2-4F02-8A65-FD5C7B21CDD9}.Release|Any CPU.Build.0 = Release|Any CPU
	EndGlobalSection
	GlobalSection(SolutionProperties) = preSolution
		HideSolutionNode = FALSE
	EndGlobalSection
	GlobalSection(ExtensibilityGlobals) = postSolution
		SolutionGuid = {36418C52-FBA6-4FF4-BEBA-31D2C3A42C2B}
	EndGlobalSection
EndGlobal
