
Microsoft Visual Studio Solution File, Format Version 12.00
# Visual Studio Version 16
VisualStudioVersion = 16.0.810.14
MinimumVisualStudioVersion = 10.0.40219.1
Project("{FAE04EC0-301F-11D3-BF4B-00C04F79EFBC}") = "A042_BMI", "A042_BMI\A042_BMI.csproj", "{338C8B1A-59C5-4A69-BE65-A53B483CE4C3}"
EndProject
Global
	GlobalSection(SolutionConfigurationPlatforms) = preSolution
		Debug|Any CPU = Debug|Any CPU
		Release|Any CPU = Release|Any CPU
	EndGlobalSection
	GlobalSection(ProjectConfigurationPlatforms) = postSolution
		{338C8B1A-59C5-4A69-BE65-A53B483CE4C3}.Debug|Any CPU.ActiveCfg = Debug|Any CPU
		{338C8B1A-59C5-4A69-BE65-A53B483CE4C3}.Debug|Any CPU.Build.0 = Debug|Any CPU
		{338C8B1A-59C5-4A69-BE65-A53B483CE4C3}.Release|Any CPU.ActiveCfg = Release|Any CPU
		{338C8B1A-59C5-4A69-BE65-A53B483CE4C3}.Release|Any CPU.Build.0 = Release|Any CPU
	EndGlobalSection
	GlobalSection(SolutionProperties) = preSolution
		HideSolutionNode = FALSE
	EndGlobalSection
	GlobalSection(ExtensibilityGlobals) = postSolution
		SolutionGuid = {05A50149-AC98-4AE1-B1C1-6D454F7CD269}
	EndGlobalSection
EndGlobal
