
Microsoft Visual Studio Solution File, Format Version 12.00
# Visual Studio Version 16
VisualStudioVersion = 16.0.810.14
MinimumVisualStudioVersion = 10.0.40219.1
Project("{FAE04EC0-301F-11D3-BF4B-00C04F79EFBC}") = "A103_List", "A103_List\A103_List.csproj", "{1AE8B9A6-908E-4322-AAA4-5CC10057CF6C}"
EndProject
Global
	GlobalSection(SolutionConfigurationPlatforms) = preSolution
		Debug|Any CPU = Debug|Any CPU
		Release|Any CPU = Release|Any CPU
	EndGlobalSection
	GlobalSection(ProjectConfigurationPlatforms) = postSolution
		{1AE8B9A6-908E-4322-AAA4-5CC10057CF6C}.Debug|Any CPU.ActiveCfg = Debug|Any CPU
		{1AE8B9A6-908E-4322-AAA4-5CC10057CF6C}.Debug|Any CPU.Build.0 = Debug|Any CPU
		{1AE8B9A6-908E-4322-AAA4-5CC10057CF6C}.Release|Any CPU.ActiveCfg = Release|Any CPU
		{1AE8B9A6-908E-4322-AAA4-5CC10057CF6C}.Release|Any CPU.Build.0 = Release|Any CPU
	EndGlobalSection
	GlobalSection(SolutionProperties) = preSolution
		HideSolutionNode = FALSE
	EndGlobalSection
	GlobalSection(ExtensibilityGlobals) = postSolution
		SolutionGuid = {4E1C93B3-BC9B-42DB-B4D6-CAACAC257FC5}
	EndGlobalSection
EndGlobal
