
Microsoft Visual Studio Solution File, Format Version 12.00
# Visual Studio Version 16
VisualStudioVersion = 16.0.810.14
MinimumVisualStudioVersion = 10.0.40219.1
Project("{FAE04EC0-301F-11D3-BF4B-00C04F79EFBC}") = "A044_NumberSystem", "A044_NumberSystem\A044_NumberSystem.csproj", "{EB5557B6-4106-4C9D-A76A-B6EC1BE5B69C}"
EndProject
Global
	GlobalSection(SolutionConfigurationPlatforms) = preSolution
		Debug|Any CPU = Debug|Any CPU
		Release|Any CPU = Release|Any CPU
	EndGlobalSection
	GlobalSection(ProjectConfigurationPlatforms) = postSolution
		{EB5557B6-4106-4C9D-A76A-B6EC1BE5B69C}.Debug|Any CPU.ActiveCfg = Debug|Any CPU
		{EB5557B6-4106-4C9D-A76A-B6EC1BE5B69C}.Debug|Any CPU.Build.0 = Debug|Any CPU
		{EB5557B6-4106-4C9D-A76A-B6EC1BE5B69C}.Release|Any CPU.ActiveCfg = Release|Any CPU
		{EB5557B6-4106-4C9D-A76A-B6EC1BE5B69C}.Release|Any CPU.Build.0 = Release|Any CPU
	EndGlobalSection
	GlobalSection(SolutionProperties) = preSolution
		HideSolutionNode = FALSE
	EndGlobalSection
	GlobalSection(ExtensibilityGlobals) = postSolution
		SolutionGuid = {7D03E81C-C53A-4F18-A710-5A660793FEB6}
	EndGlobalSection
EndGlobal
