
Microsoft Visual Studio Solution File, Format Version 12.00
# Visual Studio Version 16
VisualStudioVersion = 16.0.810.14
MinimumVisualStudioVersion = 10.0.40219.1
Project("{FAE04EC0-301F-11D3-BF4B-00C04F79EFBC}") = "A051_InfiniteLoop", "A051_InfiniteLoop\A051_InfiniteLoop.csproj", "{06E8115D-4917-4EAC-A952-842C661A05AE}"
EndProject
Global
	GlobalSection(SolutionConfigurationPlatforms) = preSolution
		Debug|Any CPU = Debug|Any CPU
		Release|Any CPU = Release|Any CPU
	EndGlobalSection
	GlobalSection(ProjectConfigurationPlatforms) = postSolution
		{06E8115D-4917-4EAC-A952-842C661A05AE}.Debug|Any CPU.ActiveCfg = Debug|Any CPU
		{06E8115D-4917-4EAC-A952-842C661A05AE}.Debug|Any CPU.Build.0 = Debug|Any CPU
		{06E8115D-4917-4EAC-A952-842C661A05AE}.Release|Any CPU.ActiveCfg = Release|Any CPU
		{06E8115D-4917-4EAC-A952-842C661A05AE}.Release|Any CPU.Build.0 = Release|Any CPU
	EndGlobalSection
	GlobalSection(SolutionProperties) = preSolution
		HideSolutionNode = FALSE
	EndGlobalSection
	GlobalSection(ExtensibilityGlobals) = postSolution
		SolutionGuid = {268B6065-0448-4D2A-93F3-C5C99668675B}
	EndGlobalSection
EndGlobal
