
Microsoft Visual Studio Solution File, Format Version 12.00
# Visual Studio Version 16
VisualStudioVersion = 16.0.810.14
MinimumVisualStudioVersion = 10.0.40219.1
Project("{FAE04EC0-301F-11D3-BF4B-00C04F79EFBC}") = "A037_Default", "A037_Default\A037_Default.csproj", "{B1D93D9D-E28E-4F43-86FA-49DC4D723BC0}"
EndProject
Global
	GlobalSection(SolutionConfigurationPlatforms) = preSolution
		Debug|Any CPU = Debug|Any CPU
		Release|Any CPU = Release|Any CPU
	EndGlobalSection
	GlobalSection(ProjectConfigurationPlatforms) = postSolution
		{B1D93D9D-E28E-4F43-86FA-49DC4D723BC0}.Debug|Any CPU.ActiveCfg = Debug|Any CPU
		{B1D93D9D-E28E-4F43-86FA-49DC4D723BC0}.Debug|Any CPU.Build.0 = Debug|Any CPU
		{B1D93D9D-E28E-4F43-86FA-49DC4D723BC0}.Release|Any CPU.ActiveCfg = Release|Any CPU
		{B1D93D9D-E28E-4F43-86FA-49DC4D723BC0}.Release|Any CPU.Build.0 = Release|Any CPU
	EndGlobalSection
	GlobalSection(SolutionProperties) = preSolution
		HideSolutionNode = FALSE
	EndGlobalSection
	GlobalSection(ExtensibilityGlobals) = postSolution
		SolutionGuid = {9E866A3E-A7AC-40B6-85AC-921EFE5387E5}
	EndGlobalSection
EndGlobal
