
Microsoft Visual Studio Solution File, Format Version 12.00
# Visual Studio Version 16
VisualStudioVersion = 16.0.810.14
MinimumVisualStudioVersion = 10.0.40219.1
Project("{FAE04EC0-301F-11D3-BF4B-00C04F79EFBC}") = "A073_AgeCalculator", "A073_AgeCalculator\A073_AgeCalculator.csproj", "{882EEA57-8A6E-4228-B089-4CA6F216C843}"
EndProject
Global
	GlobalSection(SolutionConfigurationPlatforms) = preSolution
		Debug|Any CPU = Debug|Any CPU
		Release|Any CPU = Release|Any CPU
	EndGlobalSection
	GlobalSection(ProjectConfigurationPlatforms) = postSolution
		{882EEA57-8A6E-4228-B089-4CA6F216C843}.Debug|Any CPU.ActiveCfg = Debug|Any CPU
		{882EEA57-8A6E-4228-B089-4CA6F216C843}.Debug|Any CPU.Build.0 = Debug|Any CPU
		{882EEA57-8A6E-4228-B089-4CA6F216C843}.Release|Any CPU.ActiveCfg = Release|Any CPU
		{882EEA57-8A6E-4228-B089-4CA6F216C843}.Release|Any CPU.Build.0 = Release|Any CPU
	EndGlobalSection
	GlobalSection(SolutionProperties) = preSolution
		HideSolutionNode = FALSE
	EndGlobalSection
	GlobalSection(ExtensibilityGlobals) = postSolution
		SolutionGuid = {600D9D33-9F4D-4950-95A3-09ED39E9B073}
	EndGlobalSection
EndGlobal
