
Microsoft Visual Studio Solution File, Format Version 12.00
# Visual Studio Version 16
VisualStudioVersion = 16.0.810.13
MinimumVisualStudioVersion = 10.0.40219.1
Project("{FAE04EC0-301F-11D3-BF4B-00C04F79EFBC}") = "A009_VariablesAndWrite", "A009_VariablesAndWrite\A009_VariablesAndWrite.csproj", "{0FDDF7B1-2D08-4D56-8747-23403D1A2C67}"
EndProject
Global
	GlobalSection(SolutionConfigurationPlatforms) = preSolution
		Debug|Any CPU = Debug|Any CPU
		Release|Any CPU = Release|Any CPU
	EndGlobalSection
	GlobalSection(ProjectConfigurationPlatforms) = postSolution
		{0FDDF7B1-2D08-4D56-8747-23403D1A2C67}.Debug|Any CPU.ActiveCfg = Debug|Any CPU
		{0FDDF7B1-2D08-4D56-8747-23403D1A2C67}.Debug|Any CPU.Build.0 = Debug|Any CPU
		{0FDDF7B1-2D08-4D56-8747-23403D1A2C67}.Release|Any CPU.ActiveCfg = Release|Any CPU
		{0FDDF7B1-2D08-4D56-8747-23403D1A2C67}.Release|Any CPU.Build.0 = Release|Any CPU
	EndGlobalSection
	GlobalSection(SolutionProperties) = preSolution
		HideSolutionNode = FALSE
	EndGlobalSection
	GlobalSection(ExtensibilityGlobals) = postSolution
		SolutionGuid = {F318F3A5-90C6-4593-A614-5F86184C3616}
	EndGlobalSection
EndGlobal
