
Microsoft Visual Studio Solution File, Format Version 12.00
# Visual Studio Version 16
VisualStudioVersion = 16.0.810.14
MinimumVisualStudioVersion = 10.0.40219.1
Project("{FAE04EC0-301F-11D3-BF4B-00C04F79EFBC}") = "A059_MultiDimensionArray", "A059_MultiDimensionArray\A059_MultiDimensionArray.csproj", "{F5282222-CFA2-4AB3-BF0E-79167106F23E}"
EndProject
Global
	GlobalSection(SolutionConfigurationPlatforms) = preSolution
		Debug|Any CPU = Debug|Any CPU
		Release|Any CPU = Release|Any CPU
	EndGlobalSection
	GlobalSection(ProjectConfigurationPlatforms) = postSolution
		{F5282222-CFA2-4AB3-BF0E-79167106F23E}.Debug|Any CPU.ActiveCfg = Debug|Any CPU
		{F5282222-CFA2-4AB3-BF0E-79167106F23E}.Debug|Any CPU.Build.0 = Debug|Any CPU
		{F5282222-CFA2-4AB3-BF0E-79167106F23E}.Release|Any CPU.ActiveCfg = Release|Any CPU
		{F5282222-CFA2-4AB3-BF0E-79167106F23E}.Release|Any CPU.Build.0 = Release|Any CPU
	EndGlobalSection
	GlobalSection(SolutionProperties) = preSolution
		HideSolutionNode = FALSE
	EndGlobalSection
	GlobalSection(ExtensibilityGlobals) = postSolution
		SolutionGuid = {E21075A4-8D87-4C42-A8F8-852E83A643DD}
	EndGlobalSection
EndGlobal
