
Microsoft Visual Studio Solution File, Format Version 12.00
# Visual Studio Version 16
VisualStudioVersion = 16.0.810.14
MinimumVisualStudioVersion = 10.0.40219.1
Project("{FAE04EC0-301F-11D3-BF4B-00C04F79EFBC}") = "A041_Grading", "A041_Grading\A041_Grading.csproj", "{4B2749EA-5AD4-4784-95DC-9A431F7342FD}"
EndProject
Global
	GlobalSection(SolutionConfigurationPlatforms) = preSolution
		Debug|Any CPU = Debug|Any CPU
		Release|Any CPU = Release|Any CPU
	EndGlobalSection
	GlobalSection(ProjectConfigurationPlatforms) = postSolution
		{4B2749EA-5AD4-4784-95DC-9A431F7342FD}.Debug|Any CPU.ActiveCfg = Debug|Any CPU
		{4B2749EA-5AD4-4784-95DC-9A431F7342FD}.Debug|Any CPU.Build.0 = Debug|Any CPU
		{4B2749EA-5AD4-4784-95DC-9A431F7342FD}.Release|Any CPU.ActiveCfg = Release|Any CPU
		{4B2749EA-5AD4-4784-95DC-9A431F7342FD}.Release|Any CPU.Build.0 = Release|Any CPU
	EndGlobalSection
	GlobalSection(SolutionProperties) = preSolution
		HideSolutionNode = FALSE
	EndGlobalSection
	GlobalSection(ExtensibilityGlobals) = postSolution
		SolutionGuid = {6A8B3F4D-838D-460D-9C79-9DFA7A759E22}
	EndGlobalSection
EndGlobal
